
Microsoft Visual Studio Solution File, Format Version 12.00
# Visual Studio Version 17
VisualStudioVersion = 17.13.35828.75 d17.13
MinimumVisualStudioVersion = 10.0.40219.1
Project("{FAE04EC0-301F-11D3-BF4B-00C04F79EFBC}") = "PredictiveMaintenanceForIndustrialEquipment", "PredictiveMaintenanceForIndustrialEquipment\PredictiveMaintenanceForIndustrialEquipment.csproj", "{3C8943EB-0B82-4F19-A587-F210B45ECDCD}"
EndProject
Global
	GlobalSection(SolutionConfigurationPlatforms) = preSolution
		Debug|Any CPU = Debug|Any CPU
		Release|Any CPU = Release|Any CPU
	EndGlobalSection
	GlobalSection(ProjectConfigurationPlatforms) = postSolution
		{3C8943EB-0B82-4F19-A587-F210B45ECDCD}.Debug|Any CPU.ActiveCfg = Debug|Any CPU
		{3C8943EB-0B82-4F19-A587-F210B45ECDCD}.Debug|Any CPU.Build.0 = Debug|Any CPU
		{3C8943EB-0B82-4F19-A587-F210B45ECDCD}.Release|Any CPU.ActiveCfg = Release|Any CPU
		{3C8943EB-0B82-4F19-A587-F210B45ECDCD}.Release|Any CPU.Build.0 = Release|Any CPU
	EndGlobalSection
	GlobalSection(SolutionProperties) = preSolution
		HideSolutionNode = FALSE
	EndGlobalSection
	GlobalSection(ExtensibilityGlobals) = postSolution
		SolutionGuid = {EAFAFB0A-8ECF-4FAE-99B3-B5E10C6D92B7}
	EndGlobalSection
EndGlobal
